
Microsoft Visual Studio Solution File, Format Version 11.00
# Visual Studio 2010
Project("{FAE04EC0-301F-11D3-BF4B-00C04F79EFBC}") = "Assembly-CSharp", "Assembly-CSharp.csproj", "{384f9999-c13e-228a-e7a0-75c63534d431}"
EndProject
Project("{FAE04EC0-301F-11D3-BF4B-00C04F79EFBC}") = "Assembly-CSharp-Editor", "Assembly-CSharp-Editor.csproj", "{1a59200d-6402-b816-ff31-f8bf87ead4a1}"
EndProject
Global
	GlobalSection(SolutionConfigurationPlatforms) = preSolution
		Debug|Any CPU = Debug|Any CPU
	EndGlobalSection
	GlobalSection(ProjectConfigurationPlatforms) = postSolution
		{384f9999-c13e-228a-e7a0-75c63534d431}.Debug|Any CPU.ActiveCfg = Debug|Any CPU
		{384f9999-c13e-228a-e7a0-75c63534d431}.Debug|Any CPU.Build.0 = Debug|Any CPU
		{1a59200d-6402-b816-ff31-f8bf87ead4a1}.Debug|Any CPU.ActiveCfg = Debug|Any CPU
		{1a59200d-6402-b816-ff31-f8bf87ead4a1}.Debug|Any CPU.Build.0 = Debug|Any CPU
	EndGlobalSection
	GlobalSection(SolutionProperties) = preSolution
		HideSolutionNode = FALSE
	EndGlobalSection
EndGlobal
